
Microsoft Visual Studio Solution File, Format Version 12.00
# Visual Studio Version 17
VisualStudioVersion = 17.7.34202.233
MinimumVisualStudioVersion = 10.0.40219.1
Project("{FAE04EC0-301F-11D3-BF4B-00C04F79EFBC}") = "Robot Vs DInosaur Project", "Robot Vs DInosaur Project\Robot Vs DInosaur Project.csproj", "{33D22946-F2F8-476D-A0D2-8602919B4173}"
EndProject
Global
	GlobalSection(SolutionConfigurationPlatforms) = preSolution
		Debug|Any CPU = Debug|Any CPU
		Release|Any CPU = Release|Any CPU
	EndGlobalSection
	GlobalSection(ProjectConfigurationPlatforms) = postSolution
		{33D22946-F2F8-476D-A0D2-8602919B4173}.Debug|Any CPU.ActiveCfg = Debug|Any CPU
		{33D22946-F2F8-476D-A0D2-8602919B4173}.Debug|Any CPU.Build.0 = Debug|Any CPU
		{33D22946-F2F8-476D-A0D2-8602919B4173}.Release|Any CPU.ActiveCfg = Release|Any CPU
		{33D22946-F2F8-476D-A0D2-8602919B4173}.Release|Any CPU.Build.0 = Release|Any CPU
	EndGlobalSection
	GlobalSection(SolutionProperties) = preSolution
		HideSolutionNode = FALSE
	EndGlobalSection
	GlobalSection(ExtensibilityGlobals) = postSolution
		SolutionGuid = {58DE07F2-040F-42DB-832B-8E2CB2694D2F}
	EndGlobalSection
EndGlobal
